
Microsoft Visual Studio Solution File, Format Version 12.00
# Visual Studio Version 16
VisualStudioVersion = 16.0.30907.101
MinimumVisualStudioVersion = 10.0.40219.1
Project("{FAE04EC0-301F-11D3-BF4B-00C04F79EFBC}") = "visualstudio", "visualstudio\visualstudio.csproj", "{4CAEB934-7A1A-467F-9B0E-D4A6AC886F16}"
EndProject
Global
	GlobalSection(SolutionConfigurationPlatforms) = preSolution
		Debug|Any CPU = Debug|Any CPU
		Release|Any CPU = Release|Any CPU
	EndGlobalSection
	GlobalSection(ProjectConfigurationPlatforms) = postSolution
		{4CAEB934-7A1A-467F-9B0E-D4A6AC886F16}.Debug|Any CPU.ActiveCfg = Debug|Any CPU
		{4CAEB934-7A1A-467F-9B0E-D4A6AC886F16}.Debug|Any CPU.Build.0 = Debug|Any CPU
		{4CAEB934-7A1A-467F-9B0E-D4A6AC886F16}.Release|Any CPU.ActiveCfg = Release|Any CPU
		{4CAEB934-7A1A-467F-9B0E-D4A6AC886F16}.Release|Any CPU.Build.0 = Release|Any CPU
	EndGlobalSection
	GlobalSection(SolutionProperties) = preSolution
		HideSolutionNode = FALSE
	EndGlobalSection
	GlobalSection(ExtensibilityGlobals) = postSolution
		SolutionGuid = {CD3C5E9D-C6C9-4D7C-AA5D-13A3A2855D58}
	EndGlobalSection
EndGlobal
